
Microsoft Visual Studio Solution File, Format Version 12.00
# Visual Studio Version 16
VisualStudioVersion = 16.0.32630.194
MinimumVisualStudioVersion = 10.0.40219.1
Project("{8BC9CEB8-8B4A-11D0-8D11-00A0C91BC942}") = "Sandbox", "Sandbox\Sandbox.vcxproj", "{19EA6396-FDE6-4903-84E8-BE91F7977F06}"
EndProject
Project("{8BC9CEB8-8B4A-11D0-8D11-00A0C91BC942}") = "Hazel", "Hazel\Hazel.vcxproj", "{BEB28F93-5ED4-4DF6-B77F-A4D3168195FD}"
EndProject
Global
	GlobalSection(SolutionConfigurationPlatforms) = preSolution
		Debug|x64 = Debug|x64
		Debug|x86 = Debug|x86
		Release|x64 = Release|x64
		Release|x86 = Release|x86
	EndGlobalSection
	GlobalSection(ProjectConfigurationPlatforms) = postSolution
		{BEB28F93-5ED4-4DF6-B77F-A4D3168195FD}.Debug|x64.ActiveCfg = Debug|x64
		{BEB28F93-5ED4-4DF6-B77F-A4D3168195FD}.Debug|x64.Build.0 = Debug|x64
		{BEB28F93-5ED4-4DF6-B77F-A4D3168195FD}.Debug|x86.ActiveCfg = Debug|Win32
		{BEB28F93-5ED4-4DF6-B77F-A4D3168195FD}.Debug|x86.Build.0 = Debug|Win32
		{BEB28F93-5ED4-4DF6-B77F-A4D3168195FD}.Release|x64.ActiveCfg = Release|x64
		{BEB28F93-5ED4-4DF6-B77F-A4D3168195FD}.Release|x64.Build.0 = Release|x64
		{BEB28F93-5ED4-4DF6-B77F-A4D3168195FD}.Release|x86.ActiveCfg = Release|Win32
		{BEB28F93-5ED4-4DF6-B77F-A4D3168195FD}.Release|x86.Build.0 = Release|Win32
		{19EA6396-FDE6-4903-84E8-BE91F7977F06}.Debug|x64.ActiveCfg = Debug|x64
		{19EA6396-FDE6-4903-84E8-BE91F7977F06}.Debug|x64.Build.0 = Debug|x64
		{19EA6396-FDE6-4903-84E8-BE91F7977F06}.Debug|x86.ActiveCfg = Debug|Win32
		{19EA6396-FDE6-4903-84E8-BE91F7977F06}.Debug|x86.Build.0 = Debug|Win32
		{19EA6396-FDE6-4903-84E8-BE91F7977F06}.Release|x64.ActiveCfg = Release|x64
		{19EA6396-FDE6-4903-84E8-BE91F7977F06}.Release|x64.Build.0 = Release|x64
		{19EA6396-FDE6-4903-84E8-BE91F7977F06}.Release|x86.ActiveCfg = Release|Win32
		{19EA6396-FDE6-4903-84E8-BE91F7977F06}.Release|x86.Build.0 = Release|Win32
	EndGlobalSection
	GlobalSection(SolutionProperties) = preSolution
		HideSolutionNode = FALSE
	EndGlobalSection
	GlobalSection(ExtensibilityGlobals) = postSolution
		SolutionGuid = {A2612478-8CA0-47C5-9F1E-8DF00D6D5824}
	EndGlobalSection
EndGlobal
